# This file is autogenerated, do not edit; changes may be undone by the next 'dep ensure'.


[[projects]]
  name = "github.com/TV4/graceful"
  packages = ["."]
  revision = "38c3c4980bed6ed0aac95529c2cded4986e0e2a8"
  version = "v0.3.3"

[[projects]]
  name = "github.com/go-chi/chi"
  packages = [
    ".",
    "middleware"
  ]
  revision = "e83ac2304db3c50cf03d96a2fcd39009d458bc35"
  version = "v3.3.2"

[[projects]]
  name = "github.com/go-chi/render"
  packages = ["."]
  revision = "9f855fadd4b8cde7773f9ef51f6b2705af239519"
  version = "v1.0.0"

[solve-meta]
  analyzer-name = "dep"
  analyzer-version = 1
  inputs-digest = "181b131e616b271d74ce8470cb81dbcd92d30dff3d33e80bc1958d685bdadb95"
  solver-name = "gps-cdcl"
  solver-version = 1
