# This file is autogenerated, do not edit; changes may be undone by the next 'dep ensure'.


[[projects]]
  name = "github.com/go-chi/chi"
  packages = [
    ".",
    "middleware"
  ]
  revision = "e83ac2304db3c50cf03d96a2fcd39009d458bc35"
  version = "v3.3.2"

[[projects]]
  name = "github.com/go-chi/render"
  packages = ["."]
  revision = "9f855fadd4b8cde7773f9ef51f6b2705af239519"
  version = "v1.0.0"

[[projects]]
  branch = "master"
  name = "github.com/go-chi/valve"
  packages = ["."]
  revision = "9e45288364f420dd8e094fab4f64437fca5245a6"

[solve-meta]
  analyzer-name = "dep"
  analyzer-version = 1
  inputs-digest = "826cd9d78c4f2c4d38813bc0adf4bab656c2d36e3666bd94703f9abb8c8aa501"
  solver-name = "gps-cdcl"
  solver-version = 1
